
Microsoft Visual Studio Solution File, Format Version 12.00
# Visual Studio Version 17
VisualStudioVersion = 17.2.32630.192
MinimumVisualStudioVersion = 10.0.40219.1
Project("{9A19103F-16F7-4668-BE54-9A1E7A4F7556}") = "PasswordCase", "PasswordCase.csproj", "{92DB8B2B-7F8E-4628-8FE7-FB15073B455C}"
EndProject
Global
	GlobalSection(SolutionConfigurationPlatforms) = preSolution
		Debug|Any CPU = Debug|Any CPU
		Release|Any CPU = Release|Any CPU
	EndGlobalSection
	GlobalSection(ProjectConfigurationPlatforms) = postSolution
		{92DB8B2B-7F8E-4628-8FE7-FB15073B455C}.Debug|Any CPU.ActiveCfg = Debug|Any CPU
		{92DB8B2B-7F8E-4628-8FE7-FB15073B455C}.Debug|Any CPU.Build.0 = Debug|Any CPU
		{92DB8B2B-7F8E-4628-8FE7-FB15073B455C}.Release|Any CPU.ActiveCfg = Release|Any CPU
		{92DB8B2B-7F8E-4628-8FE7-FB15073B455C}.Release|Any CPU.Build.0 = Release|Any CPU
	EndGlobalSection
	GlobalSection(SolutionProperties) = preSolution
		HideSolutionNode = FALSE
	EndGlobalSection
	GlobalSection(ExtensibilityGlobals) = postSolution
		SolutionGuid = {7559354A-8DF3-44EC-A69C-334174C98000}
	EndGlobalSection
EndGlobal
